// !$*UTF8*$!
{
	archiveVersion = 1;
	classes = {
	};
	objectVersion = 50;
	objects = {

/* Begin PBXBuildFile section */
		2CB71A5523997FEB00506724 /* AppDelegate.m in Sources */ = {isa = PBXBuildFile; fileRef = 2CB71A5423997FEB00506724 /* AppDelegate.m */; };
		2CB71A5823997FEB00506724 /* SceneDelegate.m in Sources */ = {isa = PBXBuildFile; fileRef = 2CB71A5723997FEB00506724 /* SceneDelegate.m */; };
		2CB71A5E23997FEB00506724 /* Main.storyboard in Resources */ = {isa = PBXBuildFile; fileRef = 2CB71A5C23997FEB00506724 /* Main.storyboard */; };
		2CB71A6023997FEB00506724 /* Assets.xcassets in Resources */ = {isa = PBXBuildFile; fileRef = 2CB71A5F23997FEB00506724 /* Assets.xcassets */; };
		2CB71A6323997FEB00506724 /* LaunchScreen.storyboard in Resources */ = {isa = PBXBuildFile; fileRef = 2CB71A6123997FEB00506724 /* LaunchScreen.storyboard */; };
		2CB71A6623997FEB00506724 /* main.m in Sources */ = {isa = PBXBuildFile; fileRef = 2CB71A6523997FEB00506724 /* main.m */; };
		2CB71A7923998CBC00506724 /* CDAMovie.m in Sources */ = {isa = PBXBuildFile; fileRef = 2CB71A7823998CBC00506724 /* CDAMovie.m */; };
		2CB71A7F2399971700506724 /* CDAMovieController.m in Sources */ = {isa = PBXBuildFile; fileRef = 2CB71A7E2399971700506724 /* CDAMovieController.m */; };
		2CB71A822399ADDC00506724 /* MoviesListTableViewController.swift in Sources */ = {isa = PBXBuildFile; fileRef = 2CB71A812399ADDC00506724 /* MoviesListTableViewController.swift */; };
		2CB71A842399B09900506724 /* MovieDetailViewController.swift in Sources */ = {isa = PBXBuildFile; fileRef = 2CB71A832399B09900506724 /* MovieDetailViewController.swift */; };
		2CE087FD239AF6E5004C5C7E /* TVShowSeasonEpisodeListTableViewController.swift in Sources */ = {isa = PBXBuildFile; fileRef = 2CE087FC239AF6E5004C5C7E /* TVShowSeasonEpisodeListTableViewController.swift */; };
		2CE11794239AAAB7003D2212 /* TVShowListTableViewController.swift in Sources */ = {isa = PBXBuildFile; fileRef = 2CE11793239AAAB7003D2212 /* TVShowListTableViewController.swift */; };
		2CE11796239AAAE3003D2212 /* TVShowDetailViewController.swift in Sources */ = {isa = PBXBuildFile; fileRef = 2CE11795239AAAE3003D2212 /* TVShowDetailViewController.swift */; };
		2CE11799239AAC2A003D2212 /* CDATVShowController.m in Sources */ = {isa = PBXBuildFile; fileRef = 2CE11798239AAC2A003D2212 /* CDATVShowController.m */; };
		2CE1179C239AAEA4003D2212 /* CDATVShow.m in Sources */ = {isa = PBXBuildFile; fileRef = 2CE1179B239AAEA4003D2212 /* CDATVShow.m */; };
		2CE1179F239AB1F9003D2212 /* CDAMusic.m in Sources */ = {isa = PBXBuildFile; fileRef = 2CE1179E239AB1F9003D2212 /* CDAMusic.m */; };
		2CE117A2239AB27F003D2212 /* CDAMusicController.m in Sources */ = {isa = PBXBuildFile; fileRef = 2CE117A1239AB27F003D2212 /* CDAMusicController.m */; };
/* End PBXBuildFile section */

/* Begin PBXFileReference section */
		2CB71A5023997FEB00506724 /* AppleSearchObjC.app */ = {isa = PBXFileReference; explicitFileType = wrapper.application; includeInIndex = 0; path = AppleSearchObjC.app; sourceTree = BUILT_PRODUCTS_DIR; };
		2CB71A5323997FEB00506724 /* AppDelegate.h */ = {isa = PBXFileReference; lastKnownFileType = sourcecode.c.h; path = AppDelegate.h; sourceTree = "<group>"; };
		2CB71A5423997FEB00506724 /* AppDelegate.m */ = {isa = PBXFileReference; lastKnownFileType = sourcecode.c.objc; path = AppDelegate.m; sourceTree = "<group>"; };
		2CB71A5623997FEB00506724 /* SceneDelegate.h */ = {isa = PBXFileReference; lastKnownFileType = sourcecode.c.h; path = SceneDelegate.h; sourceTree = "<group>"; };
		2CB71A5723997FEB00506724 /* SceneDelegate.m */ = {isa = PBXFileReference; lastKnownFileType = sourcecode.c.objc; path = SceneDelegate.m; sourceTree = "<group>"; };
		2CB71A5D23997FEB00506724 /* Base */ = {isa = PBXFileReference; lastKnownFileType = file.storyboard; name = Base; path = Base.lproj/Main.storyboard; sourceTree = "<group>"; };
		2CB71A5F23997FEB00506724 /* Assets.xcassets */ = {isa = PBXFileReference; lastKnownFileType = folder.assetcatalog; path = Assets.xcassets; sourceTree = "<group>"; };
		2CB71A6223997FEB00506724 /* Base */ = {isa = PBXFileReference; lastKnownFileType = file.storyboard; name = Base; path = Base.lproj/LaunchScreen.storyboard; sourceTree = "<group>"; };
		2CB71A6423997FEB00506724 /* Info.plist */ = {isa = PBXFileReference; lastKnownFileType = text.plist.xml; path = Info.plist; sourceTree = "<group>"; };
		2CB71A6523997FEB00506724 /* main.m */ = {isa = PBXFileReference; lastKnownFileType = sourcecode.c.objc; path = main.m; sourceTree = "<group>"; };
		2CB71A7723998CBC00506724 /* CDAMovie.h */ = {isa = PBXFileReference; lastKnownFileType = sourcecode.c.h; path = CDAMovie.h; sourceTree = "<group>"; };
		2CB71A7823998CBC00506724 /* CDAMovie.m */ = {isa = PBXFileReference; lastKnownFileType = sourcecode.c.objc; path = CDAMovie.m; sourceTree = "<group>"; };
		2CB71A7D2399971700506724 /* CDAMovieController.h */ = {isa = PBXFileReference; lastKnownFileType = sourcecode.c.h; path = CDAMovieController.h; sourceTree = "<group>"; };
		2CB71A7E2399971700506724 /* CDAMovieController.m */ = {isa = PBXFileReference; lastKnownFileType = sourcecode.c.objc; path = CDAMovieController.m; sourceTree = "<group>"; };
		2CB71A802399ADDC00506724 /* AppleSearchObjC-Bridging-Header.h */ = {isa = PBXFileReference; lastKnownFileType = sourcecode.c.h; path = "AppleSearchObjC-Bridging-Header.h"; sourceTree = "<group>"; };
		2CB71A812399ADDC00506724 /* MoviesListTableViewController.swift */ = {isa = PBXFileReference; lastKnownFileType = sourcecode.swift; path = MoviesListTableViewController.swift; sourceTree = "<group>"; };
		2CB71A832399B09900506724 /* MovieDetailViewController.swift */ = {isa = PBXFileReference; lastKnownFileType = sourcecode.swift; path = MovieDetailViewController.swift; sourceTree = "<group>"; };
		2CE087FC239AF6E5004C5C7E /* TVShowSeasonEpisodeListTableViewController.swift */ = {isa = PBXFileReference; lastKnownFileType = sourcecode.swift; path = TVShowSeasonEpisodeListTableViewController.swift; sourceTree = "<group>"; };
		2CE11793239AAAB7003D2212 /* TVShowListTableViewController.swift */ = {isa = PBXFileReference; lastKnownFileType = sourcecode.swift; path = TVShowListTableViewController.swift; sourceTree = "<group>"; };
		2CE11795239AAAE3003D2212 /* TVShowDetailViewController.swift */ = {isa = PBXFileReference; lastKnownFileType = sourcecode.swift; path = TVShowDetailViewController.swift; sourceTree = "<group>"; };
		2CE11797239AAC2A003D2212 /* CDATVShowController.h */ = {isa = PBXFileReference; lastKnownFileType = sourcecode.c.h; path = CDATVShowController.h; sourceTree = "<group>"; };
		2CE11798239AAC2A003D2212 /* CDATVShowController.m */ = {isa = PBXFileReference; lastKnownFileType = sourcecode.c.objc; path = CDATVShowController.m; sourceTree = "<group>"; };
		2CE1179A239AAEA4003D2212 /* CDATVShow.h */ = {isa = PBXFileReference; lastKnownFileType = sourcecode.c.h; path = CDATVShow.h; sourceTree = "<group>"; };
		2CE1179B239AAEA4003D2212 /* CDATVShow.m */ = {isa = PBXFileReference; lastKnownFileType = sourcecode.c.objc; path = CDATVShow.m; sourceTree = "<group>"; };
		2CE1179D239AB1F9003D2212 /* CDAMusic.h */ = {isa = PBXFileReference; lastKnownFileType = sourcecode.c.h; path = CDAMusic.h; sourceTree = "<group>"; };
		2CE1179E239AB1F9003D2212 /* CDAMusic.m */ = {isa = PBXFileReference; lastKnownFileType = sourcecode.c.objc; path = CDAMusic.m; sourceTree = "<group>"; };
		2CE117A0239AB27F003D2212 /* CDAMusicController.h */ = {isa = PBXFileReference; lastKnownFileType = sourcecode.c.h; path = CDAMusicController.h; sourceTree = "<group>"; };
		2CE117A1239AB27F003D2212 /* CDAMusicController.m */ = {isa = PBXFileReference; lastKnownFileType = sourcecode.c.objc; path = CDAMusicController.m; sourceTree = "<group>"; };
/* End PBXFileReference section */

/* Begin PBXFrameworksBuildPhase section */
		2CB71A4D23997FEB00506724 /* Frameworks */ = {
			isa = PBXFrameworksBuildPhase;
			buildActionMask = 2147483647;
			files = (
			);
			runOnlyForDeploymentPostprocessing = 0;
		};
/* End PBXFrameworksBuildPhase section */

/* Begin PBXGroup section */
		2CB71A4723997FEB00506724 = {
			isa = PBXGroup;
			children = (
				2CB71A5223997FEB00506724 /* AppleSearchObjC */,
				2CB71A5123997FEB00506724 /* Products */,
				2CB71A6C2399800E00506724 /* Resources */,
			);
			sourceTree = "<group>";
		};
		2CB71A5123997FEB00506724 /* Products */ = {
			isa = PBXGroup;
			children = (
				2CB71A5023997FEB00506724 /* AppleSearchObjC.app */,
			);
			name = Products;
			sourceTree = "<group>";
		};
		2CB71A5223997FEB00506724 /* AppleSearchObjC */ = {
			isa = PBXGroup;
			children = (
				2CB71A702399803700506724 /* UI */,
				2CB71A6F2399803100506724 /* Models */,
				2CB71A6E2399802700506724 /* ModelControllers */,
				2CB71A6D2399801F00506724 /* ViewControllers */,
			);
			path = AppleSearchObjC;
			sourceTree = "<group>";
		};
		2CB71A6C2399800E00506724 /* Resources */ = {
			isa = PBXGroup;
			children = (
				2CB71A5323997FEB00506724 /* AppDelegate.h */,
				2CB71A5423997FEB00506724 /* AppDelegate.m */,
				2CB71A5623997FEB00506724 /* SceneDelegate.h */,
				2CB71A5723997FEB00506724 /* SceneDelegate.m */,
				2CB71A5F23997FEB00506724 /* Assets.xcassets */,
				2CB71A6123997FEB00506724 /* LaunchScreen.storyboard */,
				2CB71A6423997FEB00506724 /* Info.plist */,
				2CB71A6523997FEB00506724 /* main.m */,
			);
			path = Resources;
			sourceTree = "<group>";
		};
		2CB71A6D2399801F00506724 /* ViewControllers */ = {
			isa = PBXGroup;
			children = (
				2CB71A812399ADDC00506724 /* MoviesListTableViewController.swift */,
				2CB71A802399ADDC00506724 /* AppleSearchObjC-Bridging-Header.h */,
				2CB71A832399B09900506724 /* MovieDetailViewController.swift */,
				2CE11793239AAAB7003D2212 /* TVShowListTableViewController.swift */,
				2CE087FC239AF6E5004C5C7E /* TVShowSeasonEpisodeListTableViewController.swift */,
				2CE11795239AAAE3003D2212 /* TVShowDetailViewController.swift */,
			);
			path = ViewControllers;
			sourceTree = "<group>";
		};
		2CB71A6E2399802700506724 /* ModelControllers */ = {
			isa = PBXGroup;
			children = (
				2CB71A7D2399971700506724 /* CDAMovieController.h */,
				2CB71A7E2399971700506724 /* CDAMovieController.m */,
				2CE11797239AAC2A003D2212 /* CDATVShowController.h */,
				2CE11798239AAC2A003D2212 /* CDATVShowController.m */,
				2CE117A0239AB27F003D2212 /* CDAMusicController.h */,
				2CE117A1239AB27F003D2212 /* CDAMusicController.m */,
			);
			path = ModelControllers;
			sourceTree = "<group>";
		};
		2CB71A6F2399803100506724 /* Models */ = {
			isa = PBXGroup;
			children = (
				2CB71A7723998CBC00506724 /* CDAMovie.h */,
				2CB71A7823998CBC00506724 /* CDAMovie.m */,
				2CE1179A239AAEA4003D2212 /* CDATVShow.h */,
				2CE1179B239AAEA4003D2212 /* CDATVShow.m */,
				2CE1179D239AB1F9003D2212 /* CDAMusic.h */,
				2CE1179E239AB1F9003D2212 /* CDAMusic.m */,
			);
			path = Models;
			sourceTree = "<group>";
		};
		2CB71A702399803700506724 /* UI */ = {
			isa = PBXGroup;
			children = (
				2CB71A5C23997FEB00506724 /* Main.storyboard */,
			);
			path = UI;
			sourceTree = "<group>";
		};
/* End PBXGroup section */

/* Begin PBXNativeTarget section */
		2CB71A4F23997FEB00506724 /* AppleSearchObjC */ = {
			isa = PBXNativeTarget;
			buildConfigurationList = 2CB71A6923997FEB00506724 /* Build configuration list for PBXNativeTarget "AppleSearchObjC" */;
			buildPhases = (
				2CB71A4C23997FEB00506724 /* Sources */,
				2CB71A4D23997FEB00506724 /* Frameworks */,
				2CB71A4E23997FEB00506724 /* Resources */,
			);
			buildRules = (
			);
			dependencies = (
			);
			name = AppleSearchObjC;
			productName = AppleSearchObjC;
			productReference = 2CB71A5023997FEB00506724 /* AppleSearchObjC.app */;
			productType = "com.apple.product-type.application";
		};
/* End PBXNativeTarget section */

/* Begin PBXProject section */
		2CB71A4823997FEB00506724 /* Project object */ = {
			isa = PBXProject;
			attributes = {
				CLASSPREFIX = CDA;
				LastUpgradeCheck = 1120;
				ORGANIZATIONNAME = "Renaissance Apps";
				TargetAttributes = {
					2CB71A4F23997FEB00506724 = {
						CreatedOnToolsVersion = 11.2.1;
						LastSwiftMigration = 1120;
					};
				};
			};
			buildConfigurationList = 2CB71A4B23997FEB00506724 /* Build configuration list for PBXProject "AppleSearchObjC" */;
			compatibilityVersion = "Xcode 9.3";
			developmentRegion = en;
			hasScannedForEncodings = 0;
			knownRegions = (
				en,
				Base,
			);
			mainGroup = 2CB71A4723997FEB00506724;
			productRefGroup = 2CB71A5123997FEB00506724 /* Products */;
			projectDirPath = "";
			projectRoot = "";
			targets = (
				2CB71A4F23997FEB00506724 /* AppleSearchObjC */,
			);
		};
/* End PBXProject section */

/* Begin PBXResourcesBuildPhase section */
		2CB71A4E23997FEB00506724 /* Resources */ = {
			isa = PBXResourcesBuildPhase;
			buildActionMask = 2147483647;
			files = (
				2CB71A6323997FEB00506724 /* LaunchScreen.storyboard in Resources */,
				2CB71A6023997FEB00506724 /* Assets.xcassets in Resources */,
				2CB71A5E23997FEB00506724 /* Main.storyboard in Resources */,
			);
			runOnlyForDeploymentPostprocessing = 0;
		};
/* End PBXResourcesBuildPhase section */

/* Begin PBXSourcesBuildPhase section */
		2CB71A4C23997FEB00506724 /* Sources */ = {
			isa = PBXSourcesBuildPhase;
			buildActionMask = 2147483647;
			files = (
				2CB71A5523997FEB00506724 /* AppDelegate.m in Sources */,
				2CE087FD239AF6E5004C5C7E /* TVShowSeasonEpisodeListTableViewController.swift in Sources */,
				2CB71A6623997FEB00506724 /* main.m in Sources */,
				2CB71A5823997FEB00506724 /* SceneDelegate.m in Sources */,
				2CE11799239AAC2A003D2212 /* CDATVShowController.m in Sources */,
				2CE11796239AAAE3003D2212 /* TVShowDetailViewController.swift in Sources */,
				2CE1179C239AAEA4003D2212 /* CDATVShow.m in Sources */,
				2CE117A2239AB27F003D2212 /* CDAMusicController.m in Sources */,
				2CE1179F239AB1F9003D2212 /* CDAMusic.m in Sources */,
				2CB71A7923998CBC00506724 /* CDAMovie.m in Sources */,
				2CE11794239AAAB7003D2212 /* TVShowListTableViewController.swift in Sources */,
				2CB71A842399B09900506724 /* MovieDetailViewController.swift in Sources */,
				2CB71A822399ADDC00506724 /* MoviesListTableViewController.swift in Sources */,
				2CB71A7F2399971700506724 /* CDAMovieController.m in Sources */,
			);
			runOnlyForDeploymentPostprocessing = 0;
		};
/* End PBXSourcesBuildPhase section */

/* Begin PBXVariantGroup section */
		2CB71A5C23997FEB00506724 /* Main.storyboard */ = {
			isa = PBXVariantGroup;
			children = (
				2CB71A5D23997FEB00506724 /* Base */,
			);
			name = Main.storyboard;
			sourceTree = "<group>";
		};
		2CB71A6123997FEB00506724 /* LaunchScreen.storyboard */ = {
			isa = PBXVariantGroup;
			children = (
				2CB71A6223997FEB00506724 /* Base */,
			);
			name = LaunchScreen.storyboard;
			sourceTree = "<group>";
		};
/* End PBXVariantGroup section */

/* Begin XCBuildConfiguration section */
		2CB71A6723997FEB00506724 /* Debug */ = {
			isa = XCBuildConfiguration;
			buildSettings = {
				ALWAYS_SEARCH_USER_PATHS = NO;
				CLANG_ANALYZER_NONNULL = YES;
				CLANG_ANALYZER_NUMBER_OBJECT_CONVERSION = YES_AGGRESSIVE;
				CLANG_CXX_LANGUAGE_STANDARD = "gnu++14";
				CLANG_CXX_LIBRARY = "libc++";
				CLANG_ENABLE_MODULES = YES;
				CLANG_ENABLE_OBJC_ARC = YES;
				CLANG_ENABLE_OBJC_WEAK = YES;
				CLANG_WARN_BLOCK_CAPTURE_AUTORELEASING = YES;
				CLANG_WARN_BOOL_CONVERSION = YES;
				CLANG_WARN_COMMA = YES;
				CLANG_WARN_CONSTANT_CONVERSION = YES;
				CLANG_WARN_DEPRECATED_OBJC_IMPLEMENTATIONS = YES;
				CLANG_WARN_DIRECT_OBJC_ISA_USAGE = YES_ERROR;
				CLANG_WARN_DOCUMENTATION_COMMENTS = YES;
				CLANG_WARN_EMPTY_BODY = YES;
				CLANG_WARN_ENUM_CONVERSION = YES;
				CLANG_WARN_INFINITE_RECURSION = YES;
				CLANG_WARN_INT_CONVERSION = YES;
				CLANG_WARN_NON_LITERAL_NULL_CONVERSION = YES;
				CLANG_WARN_OBJC_IMPLICIT_RETAIN_SELF = YES;
				CLANG_WARN_OBJC_LITERAL_CONVERSION = YES;
				CLANG_WARN_OBJC_ROOT_CLASS = YES_ERROR;
				CLANG_WARN_RANGE_LOOP_ANALYSIS = YES;
				CLANG_WARN_STRICT_PROTOTYPES = YES;
				CLANG_WARN_SUSPICIOUS_MOVE = YES;
				CLANG_WARN_UNGUARDED_AVAILABILITY = YES_AGGRESSIVE;
				CLANG_WARN_UNREACHABLE_CODE = YES;
				CLANG_WARN__DUPLICATE_METHOD_MATCH = YES;
				COPY_PHASE_STRIP = NO;
				DEBUG_INFORMATION_FORMAT = dwarf;
				ENABLE_STRICT_OBJC_MSGSEND = YES;
				ENABLE_TESTABILITY = YES;
				GCC_C_LANGUAGE_STANDARD = gnu11;
				GCC_DYNAMIC_NO_PIC = NO;
				GCC_NO_COMMON_BLOCKS = YES;
				GCC_OPTIMIZATION_LEVEL = 0;
				GCC_PREPROCESSOR_DEFINITIONS = (
					"DEBUG=1",
					"$(inherited)",
				);
				GCC_WARN_64_TO_32_BIT_CONVERSION = YES;
				GCC_WARN_ABOUT_RETURN_TYPE = YES_ERROR;
				GCC_WARN_UNDECLARED_SELECTOR = YES;
				GCC_WARN_UNINITIALIZED_AUTOS = YES_AGGRESSIVE;
				GCC_WARN_UNUSED_FUNCTION = YES;
				GCC_WARN_UNUSED_VARIABLE = YES;
				IPHONEOS_DEPLOYMENT_TARGET = 13.2;
				MTL_ENABLE_DEBUG_INFO = INCLUDE_SOURCE;
				MTL_FAST_MATH = YES;
				ONLY_ACTIVE_ARCH = YES;
				SDKROOT = iphoneos;
			};
			name = Debug;
		};
		2CB71A6823997FEB00506724 /* Release */ = {
			isa = XCBuildConfiguration;
			buildSettings = {
				ALWAYS_SEARCH_USER_PATHS = NO;
				CLANG_ANALYZER_NONNULL = YES;
				CLANG_ANALYZER_NUMBER_OBJECT_CONVERSION = YES_AGGRESSIVE;
				CLANG_CXX_LANGUAGE_STANDARD = "gnu++14";
				CLANG_CXX_LIBRARY = "libc++";
				CLANG_ENABLE_MODULES = YES;
				CLANG_ENABLE_OBJC_ARC = YES;
				CLANG_ENABLE_OBJC_WEAK = YES;
				CLANG_WARN_BLOCK_CAPTURE_AUTORELEASING = YES;
				CLANG_WARN_BOOL_CONVERSION = YES;
				CLANG_WARN_COMMA = YES;
				CLANG_WARN_CONSTANT_CONVERSION = YES;
				CLANG_WARN_DEPRECATED_OBJC_IMPLEMENTATIONS = YES;
				CLANG_WARN_DIRECT_OBJC_ISA_USAGE = YES_ERROR;
				CLANG_WARN_DOCUMENTATION_COMMENTS = YES;
				CLANG_WARN_EMPTY_BODY = YES;
				CLANG_WARN_ENUM_CONVERSION = YES;
				CLANG_WARN_INFINITE_RECURSION = YES;
				CLANG_WARN_INT_CONVERSION = YES;
				CLANG_WARN_NON_LITERAL_NULL_CONVERSION = YES;
				CLANG_WARN_OBJC_IMPLICIT_RETAIN_SELF = YES;
				CLANG_WARN_OBJC_LITERAL_CONVERSION = YES;
				CLANG_WARN_OBJC_ROOT_CLASS = YES_ERROR;
				CLANG_WARN_RANGE_LOOP_ANALYSIS = YES;
				CLANG_WARN_STRICT_PROTOTYPES = YES;
				CLANG_WARN_SUSPICIOUS_MOVE = YES;
				CLANG_WARN_UNGUARDED_AVAILABILITY = YES_AGGRESSIVE;
				CLANG_WARN_UNREACHABLE_CODE = YES;
				CLANG_WARN__DUPLICATE_METHOD_MATCH = YES;
				COPY_PHASE_STRIP = NO;
				DEBUG_INFORMATION_FORMAT = "dwarf-with-dsym";
				ENABLE_NS_ASSERTIONS = NO;
				ENABLE_STRICT_OBJC_MSGSEND = YES;
				GCC_C_LANGUAGE_STANDARD = gnu11;
				GCC_NO_COMMON_BLOCKS = YES;
				GCC_WARN_64_TO_32_BIT_CONVERSION = YES;
				GCC_WARN_ABOUT_RETURN_TYPE = YES_ERROR;
				GCC_WARN_UNDECLARED_SELECTOR = YES;
				GCC_WARN_UNINITIALIZED_AUTOS = YES_AGGRESSIVE;
				GCC_WARN_UNUSED_FUNCTION = YES;
				GCC_WARN_UNUSED_VARIABLE = YES;
				IPHONEOS_DEPLOYMENT_TARGET = 13.2;
				MTL_ENABLE_DEBUG_INFO = NO;
				MTL_FAST_MATH = YES;
				SDKROOT = iphoneos;
				VALIDATE_PRODUCT = YES;
			};
			name = Release;
		};
		2CB71A6A23997FEB00506724 /* Debug */ = {
			isa = XCBuildConfiguration;
			buildSettings = {
				ASSETCATALOG_COMPILER_APPICON_NAME = AppIcon;
				CLANG_ENABLE_MODULES = YES;
				CODE_SIGN_STYLE = Automatic;
				INFOPLIST_FILE = "$(SRCROOT)/Resources/Info.plist";
				LD_RUNPATH_SEARCH_PATHS = (
					"$(inherited)",
					"@executable_path/Frameworks",
				);
				PRODUCT_BUNDLE_IDENTIFIER = com.RenaissanceApps.AppleSearchObjC;
				PRODUCT_NAME = "$(TARGET_NAME)";
				SWIFT_OBJC_BRIDGING_HEADER = "AppleSearchObjC/ViewControllers/AppleSearchObjC-Bridging-Header.h";
				SWIFT_OPTIMIZATION_LEVEL = "-Onone";
				SWIFT_VERSION = 5.0;
				TARGETED_DEVICE_FAMILY = "1,2";
			};
			name = Debug;
		};
		2CB71A6B23997FEB00506724 /* Release */ = {
			isa = XCBuildConfiguration;
			buildSettings = {
				ASSETCATALOG_COMPILER_APPICON_NAME = AppIcon;
				CLANG_ENABLE_MODULES = YES;
				CODE_SIGN_STYLE = Automatic;
				INFOPLIST_FILE = "$(SRCROOT)/Resources/Info.plist";
				LD_RUNPATH_SEARCH_PATHS = (
					"$(inherited)",
					"@executable_path/Frameworks",
				);
				PRODUCT_BUNDLE_IDENTIFIER = com.RenaissanceApps.AppleSearchObjC;
				PRODUCT_NAME = "$(TARGET_NAME)";
				SWIFT_OBJC_BRIDGING_HEADER = "AppleSearchObjC/ViewControllers/AppleSearchObjC-Bridging-Header.h";
				SWIFT_VERSION = 5.0;
				TARGETED_DEVICE_FAMILY = "1,2";
			};
			name = Release;
		};
/* End XCBuildConfiguration section */

/* Begin XCConfigurationList section */
		2CB71A4B23997FEB00506724 /* Build configuration list for PBXProject "AppleSearchObjC" */ = {
			isa = XCConfigurationList;
			buildConfigurations = (
				2CB71A6723997FEB00506724 /* Debug */,
				2CB71A6823997FEB00506724 /* Release */,
			);
			defaultConfigurationIsVisible = 0;
			defaultConfigurationName = Release;
		};
		2CB71A6923997FEB00506724 /* Build configuration list for PBXNativeTarget "AppleSearchObjC" */ = {
			isa = XCConfigurationList;
			buildConfigurations = (
				2CB71A6A23997FEB00506724 /* Debug */,
				2CB71A6B23997FEB00506724 /* Release */,
			);
			defaultConfigurationIsVisible = 0;
			defaultConfigurationName = Release;
		};
/* End XCConfigurationList section */
	};
	rootObject = 2CB71A4823997FEB00506724 /* Project object */;
}
